schema: '2.0'
stages:
  preprocess:
    cmd: uv run python scripts/build_movielens_interactions.py
    deps:
    - path: data/raw/ml-100k/u.data
      hash: md5
      md5: 6e47046882bad158b0efbb84cd5cb987
      size: 1979173
    - path: scripts/build_movielens_interactions.py
      hash: md5
      md5: 0ec1c0e13ea6ccea9af42cf8b831ef53
      size: 1938
    - path: src/utils/config.py
      hash: md5
      md5: c64fc100cae520a4d2cd33f1ca7c8e9b
      size: 1258
    params:
      params.yaml:
        seed: 42
    outs:
    - path: data/processed/interactions.parquet
      hash: md5
      md5: 1fe06e87a14e85ead595dac2d3a3150f
      size: 770271
  feature_engineering:
    cmd: uv run python -m preprocessing.feature_cli
    deps:
    - path: data/processed/interactions.parquet
      hash: md5
      md5: 1fe06e87a14e85ead595dac2d3a3150f
      size: 770271
    - path: src/preprocessing/feature_cli.py
      hash: md5
      md5: 15df0b60f8857c4e40adfe47695c7d6a
      size: 1356
    - path: src/preprocessing/feature_engineering.py
      hash: md5
      md5: 3f65fff8ac45cb7f06ccaedf902d55c2
      size: 2687
    params:
      params.yaml:
        seed: 42
    outs:
    - path: data/features/encoders.json
      hash: md5
      md5: 64dadde256252e4ddb5e6eadfef8ea6e
      size: 43020
    - path: data/features/test.parquet
      hash: md5
      md5: 02129f79ee05f43d116a196f860dc570
      size: 88776
    - path: data/features/train.parquet
      hash: md5
      md5: 4d9b17b511c879f3d4c331ee6753f0d6
      size: 634384
    - path: data/features/val.parquet
      hash: md5
      md5: cade91771869023d57a4933ea73f687c
      size: 89715
  train:
    cmd: uv run python -m training.cli
    deps:
    - path: data/features/encoders.json
      hash: md5
      md5: 64dadde256252e4ddb5e6eadfef8ea6e
      size: 43020
    - path: data/features/train.parquet
      hash: md5
      md5: 4d9b17b511c879f3d4c331ee6753f0d6
      size: 634384
    - path: data/features/val.parquet
      hash: md5
      md5: cade91771869023d57a4933ea73f687c
      size: 89715
    - path: src/models/factory.py
      hash: md5
      md5: c394326cb22d8621103ab056745cec7a
      size: 1028
    - path: src/models/mlp.py
      hash: md5
      md5: 53a61db01a1b7e16b5f0dfe823e8107d
      size: 1599
    - path: src/training/cli.py
      hash: md5
      md5: 503ac2bc5cd9b88019c19d7a9e5d8110
      size: 3270
    - path: src/training/dataset.py
      hash: md5
      md5: 2d29d83bc3a8e9073fc5d1612bf1de7b
      size: 686
    - path: src/training/tracker.py
      hash: md5
      md5: 9f15b0c2973a2440e5232dae1fbaac99
      size: 2546
    - path: src/training/trainer.py
      hash: md5
      md5: 61fe8016cc3da4f67f65161395640feb
      size: 3502
    params:
      params.yaml:
        seed: 42
        training:
          batch_size: 256
          learning_rate: 0.001
          num_epochs: 50
          embedding_dim: 64
          hidden_dims: 128,64,32
          early_stopping_patience: 5
    outs:
    - path: models/model.pt
      hash: md5
      md5: 6c80bf8782018327dfd4c4a6222d395c
      size: 789914
    - path: models/train_metrics.json
      hash: md5
      md5: b17491c406fc7e47aceef72c19dbfc75
      size: 109
  evaluate:
    cmd: uv run python -m evaluation.cli
    deps:
    - path: data/features/encoders.json
      hash: md5
      md5: 64dadde256252e4ddb5e6eadfef8ea6e
      size: 43020
    - path: data/features/test.parquet
      hash: md5
      md5: 02129f79ee05f43d116a196f860dc570
      size: 88776
    - path: models/model.pt
      hash: md5
      md5: 6c80bf8782018327dfd4c4a6222d395c
      size: 789914
    - path: src/evaluation/cli.py
      hash: md5
      md5: 3435dad4c5da21f1821c5b5125ce0912
      size: 2372
    - path: src/evaluation/evaluator.py
      hash: md5
      md5: 23665fef45a1c9b0146834230efa5952
      size: 3659
    - path: src/evaluation/metrics.py
      hash: md5
      md5: 4f6e56f30c0b531b1ffbe211138d74d0
      size: 1275
    params:
      params.yaml:
        evaluation:
          top_k: 10
        seed: 42
    outs:
    - path: models/eval_metrics.json
      hash: md5
      md5: 42ebf5506938b4aaed70340a31c27161
      size: 141
  compare_models:
    cmd: uv run python scripts/compare_models.py
    deps:
    - path: data/features/encoders.json
      hash: md5
      md5: 64dadde256252e4ddb5e6eadfef8ea6e
      size: 43020
    - path: data/features/test.parquet
      hash: md5
      md5: 02129f79ee05f43d116a196f860dc570
      size: 88776
    - path: data/features/train.parquet
      hash: md5
      md5: 4d9b17b511c879f3d4c331ee6753f0d6
      size: 634384
    - path: models/model.pt
      hash: md5
      md5: 6c80bf8782018327dfd4c4a6222d395c
      size: 789914
    - path: scripts/compare_models.py
      hash: md5
      md5: 1ec259decaf3f8d7c039bc7e7a2747b2
      size: 5063
    - path: src/evaluation/evaluator.py
      hash: md5
      md5: 23665fef45a1c9b0146834230efa5952
      size: 3659
    - path: src/evaluation/metrics.py
      hash: md5
      md5: 4f6e56f30c0b531b1ffbe211138d74d0
      size: 1275
    - path: src/models/baseline.py
      hash: md5
      md5: 67e9b1d35347e432f0023d486cc308db
      size: 4768
    - path: src/models/factory.py
      hash: md5
      md5: c394326cb22d8621103ab056745cec7a
      size: 1028
    - path: src/models/mlp.py
      hash: md5
      md5: 53a61db01a1b7e16b5f0dfe823e8107d
      size: 1599
    - path: src/training/dataset.py
      hash: md5
      md5: 2d29d83bc3a8e9073fc5d1612bf1de7b
      size: 686
    - path: src/training/tracker.py
      hash: md5
      md5: 9f15b0c2973a2440e5232dae1fbaac99
      size: 2546
    params:
      params.yaml:
        evaluation:
          top_k: 10
        seed: 42
        training:
          batch_size: 256
          learning_rate: 0.001
          num_epochs: 50
          embedding_dim: 64
          hidden_dims: 128,64,32
          early_stopping_patience: 5
    outs:
    - path: models/model_comparison.json
      hash: md5
      md5: 8cdbf1f78b4ff2efcf89af8cafc95bd6
      size: 494
