schema: '2.0'
stages:
  preprocess:
    cmd: uv run python scripts/build_movielens_interactions.py
    deps:
    - path: data/raw/ml-100k/u.data
      hash: md5
      md5: 6e47046882bad158b0efbb84cd5cb987
      size: 1979173
    - path: scripts/build_movielens_interactions.py
      hash: md5
      md5: ea6e5623689a724d89b5329d531638e2
      size: 1937
    - path: src/utils/config.py
      hash: md5
      md5: c64fc100cae520a4d2cd33f1ca7c8e9b
      size: 1258
    params:
      params.yaml:
        seed: 42
    outs:
    - path: data/processed/interactions.parquet
      hash: md5
      md5: 1fe06e87a14e85ead595dac2d3a3150f
      size: 770271
  feature_engineering:
    cmd: uv run python -m preprocessing.feature_cli
    deps:
    - path: data/processed/interactions.parquet
      hash: md5
      md5: 1fe06e87a14e85ead595dac2d3a3150f
      size: 770271
    - path: src/preprocessing/feature_cli.py
      hash: md5
      md5: 15df0b60f8857c4e40adfe47695c7d6a
      size: 1356
    - path: src/preprocessing/feature_engineering.py
      hash: md5
      md5: 4f873917013e77ebe28cac4b94cde4ca
      size: 2686
    params:
      params.yaml:
        seed: 42
    outs:
    - path: data/features/encoders.json
      hash: md5
      md5: 64dadde256252e4ddb5e6eadfef8ea6e
      size: 43020
    - path: data/features/test.parquet
      hash: md5
      md5: 02129f79ee05f43d116a196f860dc570
      size: 88776
    - path: data/features/train.parquet
      hash: md5
      md5: 4d9b17b511c879f3d4c331ee6753f0d6
      size: 634384
    - path: data/features/val.parquet
      hash: md5
      md5: cade91771869023d57a4933ea73f687c
      size: 89715
  train:
    cmd: uv run python -m training.cli
    deps:
    - path: data/features/encoders.json
      hash: md5
      md5: 64dadde256252e4ddb5e6eadfef8ea6e
      size: 43020
    - path: data/features/train.parquet
      hash: md5
      md5: 4d9b17b511c879f3d4c331ee6753f0d6
      size: 634384
    - path: data/features/val.parquet
      hash: md5
      md5: cade91771869023d57a4933ea73f687c
      size: 89715
    - path: src/models/
      hash: md5
      md5: e64b7caeef7bedc192bf4ebe64e5f9a7.dir
      size: 36457
      nfiles: 12
    - path: src/training/
      hash: md5
      md5: d1a1a46b04826ab63e0533dc67ccb7c3.dir
      size: 47509
      nfiles: 15
    params:
      params.yaml:
        seed: 42
        training:
          batch_size: 256
          learning_rate: 0.001
          num_epochs: 50
          embedding_dim: 64
          hidden_dims:
          - 128
          - 64
          - 32
          early_stopping_patience: 5
    outs:
    - path: models/model.pt
      hash: md5
      md5: 6c80bf8782018327dfd4c4a6222d395c
      size: 789914
    - path: models/train_metrics.json
      hash: md5
      md5: b17491c406fc7e47aceef72c19dbfc75
      size: 109
  evaluate:
    cmd: uv run python -m evaluation.cli
    deps:
    - path: data/features/encoders.json
      hash: md5
      md5: 64dadde256252e4ddb5e6eadfef8ea6e
      size: 43020
    - path: data/features/test.parquet
      hash: md5
      md5: 02129f79ee05f43d116a196f860dc570
      size: 88776
    - path: models/model.pt
      hash: md5
      md5: 6c80bf8782018327dfd4c4a6222d395c
      size: 789914
    - path: src/evaluation/
      hash: md5
      md5: 9f495142344e34cd42a00b5faa43005e.dir
      size: 22356
      nfiles: 8
    params:
      params.yaml:
        evaluation:
          top_k: 10
        seed: 42
    outs:
    - path: models/eval_metrics.json
      hash: md5
      md5: 42ebf5506938b4aaed70340a31c27161
      size: 141
  compare_models:
    cmd: uv run python scripts/compare_models.py
    deps:
    - path: data/features/encoders.json
      hash: md5
      md5: 64dadde256252e4ddb5e6eadfef8ea6e
      size: 43020
    - path: data/features/test.parquet
      hash: md5
      md5: 02129f79ee05f43d116a196f860dc570
      size: 88776
    - path: data/features/train.parquet
      hash: md5
      md5: 4d9b17b511c879f3d4c331ee6753f0d6
      size: 634384
    - path: models/model.pt
      hash: md5
      md5: 6c80bf8782018327dfd4c4a6222d395c
      size: 789914
    - path: scripts/compare_models.py
      hash: md5
      md5: 3294af16ab7d0832354e0fa0e02a63c8
      size: 5147
    - path: src/evaluation/
      hash: md5
      md5: 9f495142344e34cd42a00b5faa43005e.dir
      size: 22356
      nfiles: 8
    - path: src/models/
      hash: md5
      md5: e64b7caeef7bedc192bf4ebe64e5f9a7.dir
      size: 36457
      nfiles: 12
    - path: src/training/dataset.py
      hash: md5
      md5: 2d29d83bc3a8e9073fc5d1612bf1de7b
      size: 686
    - path: src/training/tracker.py
      hash: md5
      md5: 26f571345576989075595de32d7d17da
      size: 2551
    params:
      params.yaml:
        evaluation:
          top_k: 10
        seed: 42
        training:
          batch_size: 256
          learning_rate: 0.001
          num_epochs: 50
          embedding_dim: 64
          hidden_dims:
          - 128
          - 64
          - 32
          early_stopping_patience: 5
    outs:
    - path: models/model_comparison.json
      hash: md5
      md5: 8cdbf1f78b4ff2efcf89af8cafc95bd6
      size: 494
